
Microsoft Visual Studio Solution File, Format Version 12.00
# Visual Studio Version 17
VisualStudioVersion = 17.0.31903.59
MinimumVisualStudioVersion = 10.0.40219.1
Project("{FAE04EC0-301F-11D3-BF4B-00C04F79EFBC}") = "CustomerRegister.API", "CustomerRegister.API\CustomerRegister.API.csproj", "{05BBA0C4-682F-485C-846E-917E39FA599D}"
EndProject
Project("{FAE04EC0-301F-11D3-BF4B-00C04F79EFBC}") = "CustomerRegister.Infra", "CustomerRegister.Infra\CustomerRegister.Infra.csproj", "{E8693E04-ED39-4DF5-9871-C26A5E06D087}"
EndProject
Global
	GlobalSection(SolutionConfigurationPlatforms) = preSolution
		Debug|Any CPU = Debug|Any CPU
		Release|Any CPU = Release|Any CPU
	EndGlobalSection
	GlobalSection(SolutionProperties) = preSolution
		HideSolutionNode = FALSE
	EndGlobalSection
	GlobalSection(ProjectConfigurationPlatforms) = postSolution
		{05BBA0C4-682F-485C-846E-917E39FA599D}.Debug|Any CPU.ActiveCfg = Debug|Any CPU
		{05BBA0C4-682F-485C-846E-917E39FA599D}.Debug|Any CPU.Build.0 = Debug|Any CPU
		{05BBA0C4-682F-485C-846E-917E39FA599D}.Release|Any CPU.ActiveCfg = Release|Any CPU
		{05BBA0C4-682F-485C-846E-917E39FA599D}.Release|Any CPU.Build.0 = Release|Any CPU
		{E8693E04-ED39-4DF5-9871-C26A5E06D087}.Debug|Any CPU.ActiveCfg = Debug|Any CPU
		{E8693E04-ED39-4DF5-9871-C26A5E06D087}.Debug|Any CPU.Build.0 = Debug|Any CPU
		{E8693E04-ED39-4DF5-9871-C26A5E06D087}.Release|Any CPU.ActiveCfg = Release|Any CPU
		{E8693E04-ED39-4DF5-9871-C26A5E06D087}.Release|Any CPU.Build.0 = Release|Any CPU
	EndGlobalSection
EndGlobal
